
Microsoft Visual Studio Solution File, Format Version 12.00
# Visual Studio 2012
Project("{FAE04EC0-301F-11D3-BF4B-00C04F79EFBC}") = "IllySystem.Project", "IllySystem.Auditor\IllySystem.Project.csproj", "{2900A527-26DD-4940-8E43-DAF674DF6D0F}"
EndProject
Project("{FAE04EC0-301F-11D3-BF4B-00C04F79EFBC}") = "IllySystem.Project.Tests", "IllySystem.Auditor.Tests\IllySystem.Project.Tests.csproj", "{0AE69A33-4435-461B-9845-7E13B8B14B14}"
EndProject
Global
	GlobalSection(SolutionConfigurationPlatforms) = preSolution
		Debug|Any CPU = Debug|Any CPU
		Release|Any CPU = Release|Any CPU
	EndGlobalSection
	GlobalSection(ProjectConfigurationPlatforms) = postSolution
		{2900A527-26DD-4940-8E43-DAF674DF6D0F}.Debug|Any CPU.ActiveCfg = Debug|Any CPU
		{2900A527-26DD-4940-8E43-DAF674DF6D0F}.Debug|Any CPU.Build.0 = Debug|Any CPU
		{2900A527-26DD-4940-8E43-DAF674DF6D0F}.Release|Any CPU.ActiveCfg = Release|Any CPU
		{2900A527-26DD-4940-8E43-DAF674DF6D0F}.Release|Any CPU.Build.0 = Release|Any CPU
		{0AE69A33-4435-461B-9845-7E13B8B14B14}.Debug|Any CPU.ActiveCfg = Debug|Any CPU
		{0AE69A33-4435-461B-9845-7E13B8B14B14}.Debug|Any CPU.Build.0 = Debug|Any CPU
		{0AE69A33-4435-461B-9845-7E13B8B14B14}.Release|Any CPU.ActiveCfg = Release|Any CPU
		{0AE69A33-4435-461B-9845-7E13B8B14B14}.Release|Any CPU.Build.0 = Release|Any CPU
	EndGlobalSection
	GlobalSection(SolutionProperties) = preSolution
		HideSolutionNode = FALSE
	EndGlobalSection
EndGlobal
